// !$*UTF8*$!
{
	archiveVersion = 1;
	classes = {
	};
	objectVersion = 56;
	objects = {

/* Begin PBXBuildFile section */
		F35C13872BF259ED006E3F89 /* TestDownloaderAppApp.swift in Sources */ = {isa = PBXBuildFile; fileRef = F35C13862BF259ED006E3F89 /* TestDownloaderAppApp.swift */; };
		F35C13892BF259EE006E3F89 /* ContentView.swift in Sources */ = {isa = PBXBuildFile; fileRef = F35C13882BF259EE006E3F89 /* ContentView.swift */; };
		F35C138B2BF259EF006E3F89 /* Assets.xcassets in Resources */ = {isa = PBXBuildFile; fileRef = F35C138A2BF259EF006E3F89 /* Assets.xcassets */; };
		F35C138E2BF259EF006E3F89 /* Preview Assets.xcassets in Resources */ = {isa = PBXBuildFile; fileRef = F35C138D2BF259EF006E3F89 /* Preview Assets.xcassets */; };
		F35C13952BF25A09006E3F89 /* MainViewModel.swift in Sources */ = {isa = PBXBuildFile; fileRef = F35C13942BF25A09006E3F89 /* MainViewModel.swift */; };
		F35C139C2BF4A00E006E3F89 /* JSON.json in Resources */ = {isa = PBXBuildFile; fileRef = F35C139B2BF4A00E006E3F89 /* JSON.json */; };
		F35C139F2BF4A0A4006E3F89 /* Podcast.swift in Sources */ = {isa = PBXBuildFile; fileRef = F35C139E2BF4A0A4006E3F89 /* Podcast.swift */; };
		F35C13A12BF4A10F006E3F89 /* Episode.swift in Sources */ = {isa = PBXBuildFile; fileRef = F35C13A02BF4A10F006E3F89 /* Episode.swift */; };
		F35C13A32BF4A918006E3F89 /* PreviewData.swift in Sources */ = {isa = PBXBuildFile; fileRef = F35C13A22BF4A917006E3F89 /* PreviewData.swift */; };
		F35C13A62BF4AB05006E3F89 /* Header.swift in Sources */ = {isa = PBXBuildFile; fileRef = F35C13A52BF4AB05006E3F89 /* Header.swift */; };
		F35C13A92BF4AD38006E3F89 /* Download.swift in Sources */ = {isa = PBXBuildFile; fileRef = F35C13A82BF4AD38006E3F89 /* Download.swift */; };
		F35C13AB2BF4B6B5006E3F89 /* EpisodeRow.swift in Sources */ = {isa = PBXBuildFile; fileRef = F35C13AA2BF4B6B5006E3F89 /* EpisodeRow.swift */; };
		F35C13AD2BF4D6F4006E3F89 /* DownloadList.swift in Sources */ = {isa = PBXBuildFile; fileRef = F35C13AC2BF4D6F4006E3F89 /* DownloadList.swift */; };
		F37A232B2C09A2A8002FB475 /* DownloadHistory.xcdatamodeld in Sources */ = {isa = PBXBuildFile; fileRef = F37A23292C09A2A8002FB475 /* DownloadHistory.xcdatamodeld */; };
		F37A232F2C09A35A002FB475 /* History+CoreDataClass.swift in Sources */ = {isa = PBXBuildFile; fileRef = F37A232D2C09A35A002FB475 /* History+CoreDataClass.swift */; };
		F37A23302C09A35A002FB475 /* History+CoreDataProperties.swift in Sources */ = {isa = PBXBuildFile; fileRef = F37A232E2C09A35A002FB475 /* History+CoreDataProperties.swift */; };
		F37A23362C09AEAD002FB475 /* HistoryView.swift in Sources */ = {isa = PBXBuildFile; fileRef = F37A23352C09AEAD002FB475 /* HistoryView.swift */; };
		F37A233A2C0EF5D2002FB475 /* PersistentContoller.swift in Sources */ = {isa = PBXBuildFile; fileRef = F37A23392C0EF5D2002FB475 /* PersistentContoller.swift */; };
/* End PBXBuildFile section */

/* Begin PBXFileReference section */
		F35C13832BF259ED006E3F89 /* TestDownloaderApp.app */ = {isa = PBXFileReference; explicitFileType = wrapper.application; includeInIndex = 0; path = TestDownloaderApp.app; sourceTree = BUILT_PRODUCTS_DIR; };
		F35C13862BF259ED006E3F89 /* TestDownloaderAppApp.swift */ = {isa = PBXFileReference; lastKnownFileType = sourcecode.swift; path = TestDownloaderAppApp.swift; sourceTree = "<group>"; };
		F35C13882BF259EE006E3F89 /* ContentView.swift */ = {isa = PBXFileReference; lastKnownFileType = sourcecode.swift; path = ContentView.swift; sourceTree = "<group>"; };
		F35C138A2BF259EF006E3F89 /* Assets.xcassets */ = {isa = PBXFileReference; lastKnownFileType = folder.assetcatalog; path = Assets.xcassets; sourceTree = "<group>"; };
		F35C138D2BF259EF006E3F89 /* Preview Assets.xcassets */ = {isa = PBXFileReference; lastKnownFileType = folder.assetcatalog; path = "Preview Assets.xcassets"; sourceTree = "<group>"; };
		F35C13942BF25A09006E3F89 /* MainViewModel.swift */ = {isa = PBXFileReference; lastKnownFileType = sourcecode.swift; path = MainViewModel.swift; sourceTree = "<group>"; };
		F35C139B2BF4A00E006E3F89 /* JSON.json */ = {isa = PBXFileReference; lastKnownFileType = text.json; path = JSON.json; sourceTree = "<group>"; };
		F35C139E2BF4A0A4006E3F89 /* Podcast.swift */ = {isa = PBXFileReference; lastKnownFileType = sourcecode.swift; path = Podcast.swift; sourceTree = "<group>"; };
		F35C13A02BF4A10F006E3F89 /* Episode.swift */ = {isa = PBXFileReference; lastKnownFileType = sourcecode.swift; path = Episode.swift; sourceTree = "<group>"; };
		F35C13A22BF4A917006E3F89 /* PreviewData.swift */ = {isa = PBXFileReference; lastKnownFileType = sourcecode.swift; path = PreviewData.swift; sourceTree = "<group>"; };
		F35C13A52BF4AB05006E3F89 /* Header.swift */ = {isa = PBXFileReference; lastKnownFileType = sourcecode.swift; path = Header.swift; sourceTree = "<group>"; };
		F35C13A82BF4AD38006E3F89 /* Download.swift */ = {isa = PBXFileReference; lastKnownFileType = sourcecode.swift; path = Download.swift; sourceTree = "<group>"; };
		F35C13AA2BF4B6B5006E3F89 /* EpisodeRow.swift */ = {isa = PBXFileReference; lastKnownFileType = sourcecode.swift; path = EpisodeRow.swift; sourceTree = "<group>"; };
		F35C13AC2BF4D6F4006E3F89 /* DownloadList.swift */ = {isa = PBXFileReference; lastKnownFileType = sourcecode.swift; path = DownloadList.swift; sourceTree = "<group>"; };
		F35C13B02BF74E95006E3F89 /* Info.plist */ = {isa = PBXFileReference; lastKnownFileType = text.plist; path = Info.plist; sourceTree = "<group>"; };
		F37A232A2C09A2A8002FB475 /* DownloadHistory.xcdatamodel */ = {isa = PBXFileReference; lastKnownFileType = wrapper.xcdatamodel; path = DownloadHistory.xcdatamodel; sourceTree = "<group>"; };
		F37A232D2C09A35A002FB475 /* History+CoreDataClass.swift */ = {isa = PBXFileReference; lastKnownFileType = sourcecode.swift; path = "History+CoreDataClass.swift"; sourceTree = "<group>"; };
		F37A232E2C09A35A002FB475 /* History+CoreDataProperties.swift */ = {isa = PBXFileReference; lastKnownFileType = sourcecode.swift; path = "History+CoreDataProperties.swift"; sourceTree = "<group>"; };
		F37A23352C09AEAD002FB475 /* HistoryView.swift */ = {isa = PBXFileReference; lastKnownFileType = sourcecode.swift; path = HistoryView.swift; sourceTree = "<group>"; };
		F37A23392C0EF5D2002FB475 /* PersistentContoller.swift */ = {isa = PBXFileReference; lastKnownFileType = sourcecode.swift; path = PersistentContoller.swift; sourceTree = "<group>"; };
/* End PBXFileReference section */

/* Begin PBXFrameworksBuildPhase section */
		F35C13802BF259ED006E3F89 /* Frameworks */ = {
			isa = PBXFrameworksBuildPhase;
			buildActionMask = 2147483647;
			files = (
			);
			runOnlyForDeploymentPostprocessing = 0;
		};
/* End PBXFrameworksBuildPhase section */

/* Begin PBXGroup section */
		F35C137A2BF259ED006E3F89 = {
			isa = PBXGroup;
			children = (
				F35C13852BF259ED006E3F89 /* TestDownloaderApp */,
				F35C13842BF259ED006E3F89 /* Products */,
			);
			sourceTree = "<group>";
		};
		F35C13842BF259ED006E3F89 /* Products */ = {
			isa = PBXGroup;
			children = (
				F35C13832BF259ED006E3F89 /* TestDownloaderApp.app */,
			);
			name = Products;
			sourceTree = "<group>";
		};
		F35C13852BF259ED006E3F89 /* TestDownloaderApp */ = {
			isa = PBXGroup;
			children = (
				F35C13B02BF74E95006E3F89 /* Info.plist */,
				F35C13862BF259ED006E3F89 /* TestDownloaderAppApp.swift */,
				F37A232C2C09A2B6002FB475 /* Data */,
				F35C139D2BF4A099006E3F89 /* Models */,
				F35C13A42BF4AAC6006E3F89 /* Views */,
				F35C13A72BF4AD04006E3F89 /* ViewModels */,
				F35C138A2BF259EF006E3F89 /* Assets.xcassets */,
				F35C138C2BF259EF006E3F89 /* Preview Content */,
			);
			path = TestDownloaderApp;
			sourceTree = "<group>";
		};
		F35C138C2BF259EF006E3F89 /* Preview Content */ = {
			isa = PBXGroup;
			children = (
				F35C138D2BF259EF006E3F89 /* Preview Assets.xcassets */,
				F35C139B2BF4A00E006E3F89 /* JSON.json */,
				F35C13A22BF4A917006E3F89 /* PreviewData.swift */,
			);
			path = "Preview Content";
			sourceTree = "<group>";
		};
		F35C139D2BF4A099006E3F89 /* Models */ = {
			isa = PBXGroup;
			children = (
				F35C139E2BF4A0A4006E3F89 /* Podcast.swift */,
				F35C13A02BF4A10F006E3F89 /* Episode.swift */,
			);
			path = Models;
			sourceTree = "<group>";
		};
		F35C13A42BF4AAC6006E3F89 /* Views */ = {
			isa = PBXGroup;
			children = (
				F35C13882BF259EE006E3F89 /* ContentView.swift */,
				F35C13A52BF4AB05006E3F89 /* Header.swift */,
				F35C13AA2BF4B6B5006E3F89 /* EpisodeRow.swift */,
				F35C13AC2BF4D6F4006E3F89 /* DownloadList.swift */,
				F37A23352C09AEAD002FB475 /* HistoryView.swift */,
			);
			name = Views;
			sourceTree = "<group>";
		};
		F35C13A72BF4AD04006E3F89 /* ViewModels */ = {
			isa = PBXGroup;
			children = (
				F35C13942BF25A09006E3F89 /* MainViewModel.swift */,
				F35C13A82BF4AD38006E3F89 /* Download.swift */,
			);
			name = ViewModels;
			sourceTree = "<group>";
		};
		F37A232C2C09A2B6002FB475 /* Data */ = {
			isa = PBXGroup;
			children = (
				F37A232D2C09A35A002FB475 /* History+CoreDataClass.swift */,
				F37A232E2C09A35A002FB475 /* History+CoreDataProperties.swift */,
				F37A23292C09A2A8002FB475 /* DownloadHistory.xcdatamodeld */,
				F37A23392C0EF5D2002FB475 /* PersistentContoller.swift */,
			);
			path = Data;
			sourceTree = "<group>";
		};
/* End PBXGroup section */

/* Begin PBXNativeTarget section */
		F35C13822BF259ED006E3F89 /* TestDownloaderApp */ = {
			isa = PBXNativeTarget;
			buildConfigurationList = F35C13912BF259EF006E3F89 /* Build configuration list for PBXNativeTarget "TestDownloaderApp" */;
			buildPhases = (
				F35C137F2BF259ED006E3F89 /* Sources */,
				F35C13802BF259ED006E3F89 /* Frameworks */,
				F35C13812BF259ED006E3F89 /* Resources */,
			);
			buildRules = (
			);
			dependencies = (
			);
			name = TestDownloaderApp;
			productName = TestDownloaderApp;
			productReference = F35C13832BF259ED006E3F89 /* TestDownloaderApp.app */;
			productType = "com.apple.product-type.application";
		};
/* End PBXNativeTarget section */

/* Begin PBXProject section */
		F35C137B2BF259ED006E3F89 /* Project object */ = {
			isa = PBXProject;
			attributes = {
				BuildIndependentTargetsInParallel = 1;
				LastSwiftUpdateCheck = 1520;
				LastUpgradeCheck = 1520;
				TargetAttributes = {
					F35C13822BF259ED006E3F89 = {
						CreatedOnToolsVersion = 15.2;
					};
				};
			};
			buildConfigurationList = F35C137E2BF259ED006E3F89 /* Build configuration list for PBXProject "TestDownloaderApp" */;
			compatibilityVersion = "Xcode 14.0";
			developmentRegion = en;
			hasScannedForEncodings = 0;
			knownRegions = (
				en,
				Base,
			);
			mainGroup = F35C137A2BF259ED006E3F89;
			productRefGroup = F35C13842BF259ED006E3F89 /* Products */;
			projectDirPath = "";
			projectRoot = "";
			targets = (
				F35C13822BF259ED006E3F89 /* TestDownloaderApp */,
			);
		};
/* End PBXProject section */

/* Begin PBXResourcesBuildPhase section */
		F35C13812BF259ED006E3F89 /* Resources */ = {
			isa = PBXResourcesBuildPhase;
			buildActionMask = 2147483647;
			files = (
				F35C138E2BF259EF006E3F89 /* Preview Assets.xcassets in Resources */,
				F35C138B2BF259EF006E3F89 /* Assets.xcassets in Resources */,
				F35C139C2BF4A00E006E3F89 /* JSON.json in Resources */,
			);
			runOnlyForDeploymentPostprocessing = 0;
		};
/* End PBXResourcesBuildPhase section */

/* Begin PBXSourcesBuildPhase section */
		F35C137F2BF259ED006E3F89 /* Sources */ = {
			isa = PBXSourcesBuildPhase;
			buildActionMask = 2147483647;
			files = (
				F35C13892BF259EE006E3F89 /* ContentView.swift in Sources */,
				F35C13AD2BF4D6F4006E3F89 /* DownloadList.swift in Sources */,
				F35C13A92BF4AD38006E3F89 /* Download.swift in Sources */,
				F35C13A12BF4A10F006E3F89 /* Episode.swift in Sources */,
				F37A232F2C09A35A002FB475 /* History+CoreDataClass.swift in Sources */,
				F35C13AB2BF4B6B5006E3F89 /* EpisodeRow.swift in Sources */,
				F37A233A2C0EF5D2002FB475 /* PersistentContoller.swift in Sources */,
				F35C13872BF259ED006E3F89 /* TestDownloaderAppApp.swift in Sources */,
				F37A23362C09AEAD002FB475 /* HistoryView.swift in Sources */,
				F35C13A62BF4AB05006E3F89 /* Header.swift in Sources */,
				F35C13952BF25A09006E3F89 /* MainViewModel.swift in Sources */,
				F37A232B2C09A2A8002FB475 /* DownloadHistory.xcdatamodeld in Sources */,
				F37A23302C09A35A002FB475 /* History+CoreDataProperties.swift in Sources */,
				F35C13A32BF4A918006E3F89 /* PreviewData.swift in Sources */,
				F35C139F2BF4A0A4006E3F89 /* Podcast.swift in Sources */,
			);
			runOnlyForDeploymentPostprocessing = 0;
		};
/* End PBXSourcesBuildPhase section */

/* Begin XCBuildConfiguration section */
		F35C138F2BF259EF006E3F89 /* Debug */ = {
			isa = XCBuildConfiguration;
			buildSettings = {
				ALWAYS_SEARCH_USER_PATHS = NO;
				ASSETCATALOG_COMPILER_GENERATE_SWIFT_ASSET_SYMBOL_EXTENSIONS = YES;
				CLANG_ANALYZER_NONNULL = YES;
				CLANG_ANALYZER_NUMBER_OBJECT_CONVERSION = YES_AGGRESSIVE;
				CLANG_CXX_LANGUAGE_STANDARD = "gnu++20";
				CLANG_ENABLE_MODULES = YES;
				CLANG_ENABLE_OBJC_ARC = YES;
				CLANG_ENABLE_OBJC_WEAK = YES;
				CLANG_WARN_BLOCK_CAPTURE_AUTORELEASING = YES;
				CLANG_WARN_BOOL_CONVERSION = YES;
				CLANG_WARN_COMMA = YES;
				CLANG_WARN_CONSTANT_CONVERSION = YES;
				CLANG_WARN_DEPRECATED_OBJC_IMPLEMENTATIONS = YES;
				CLANG_WARN_DIRECT_OBJC_ISA_USAGE = YES_ERROR;
				CLANG_WARN_DOCUMENTATION_COMMENTS = YES;
				CLANG_WARN_EMPTY_BODY = YES;
				CLANG_WARN_ENUM_CONVERSION = YES;
				CLANG_WARN_INFINITE_RECURSION = YES;
				CLANG_WARN_INT_CONVERSION = YES;
				CLANG_WARN_NON_LITERAL_NULL_CONVERSION = YES;
				CLANG_WARN_OBJC_IMPLICIT_RETAIN_SELF = YES;
				CLANG_WARN_OBJC_LITERAL_CONVERSION = YES;
				CLANG_WARN_OBJC_ROOT_CLASS = YES_ERROR;
				CLANG_WARN_QUOTED_INCLUDE_IN_FRAMEWORK_HEADER = YES;
				CLANG_WARN_RANGE_LOOP_ANALYSIS = YES;
				CLANG_WARN_STRICT_PROTOTYPES = YES;
				CLANG_WARN_SUSPICIOUS_MOVE = YES;
				CLANG_WARN_UNGUARDED_AVAILABILITY = YES_AGGRESSIVE;
				CLANG_WARN_UNREACHABLE_CODE = YES;
				CLANG_WARN__DUPLICATE_METHOD_MATCH = YES;
				COPY_PHASE_STRIP = NO;
				DEBUG_INFORMATION_FORMAT = dwarf;
				ENABLE_STRICT_OBJC_MSGSEND = YES;
				ENABLE_TESTABILITY = YES;
				ENABLE_USER_SCRIPT_SANDBOXING = YES;
				GCC_C_LANGUAGE_STANDARD = gnu17;
				GCC_DYNAMIC_NO_PIC = NO;
				GCC_NO_COMMON_BLOCKS = YES;
				GCC_OPTIMIZATION_LEVEL = 0;
				GCC_PREPROCESSOR_DEFINITIONS = (
					"DEBUG=1",
					"$(inherited)",
				);
				GCC_WARN_64_TO_32_BIT_CONVERSION = YES;
				GCC_WARN_ABOUT_RETURN_TYPE = YES_ERROR;
				GCC_WARN_UNDECLARED_SELECTOR = YES;
				GCC_WARN_UNINITIALIZED_AUTOS = YES_AGGRESSIVE;
				GCC_WARN_UNUSED_FUNCTION = YES;
				GCC_WARN_UNUSED_VARIABLE = YES;
				IPHONEOS_DEPLOYMENT_TARGET = 17.2;
				LOCALIZATION_PREFERS_STRING_CATALOGS = YES;
				MTL_ENABLE_DEBUG_INFO = INCLUDE_SOURCE;
				MTL_FAST_MATH = YES;
				ONLY_ACTIVE_ARCH = YES;
				SDKROOT = iphoneos;
				SWIFT_ACTIVE_COMPILATION_CONDITIONS = "DEBUG $(inherited)";
				SWIFT_OPTIMIZATION_LEVEL = "-Onone";
			};
			name = Debug;
		};
		F35C13902BF259EF006E3F89 /* Release */ = {
			isa = XCBuildConfiguration;
			buildSettings = {
				ALWAYS_SEARCH_USER_PATHS = NO;
				ASSETCATALOG_COMPILER_GENERATE_SWIFT_ASSET_SYMBOL_EXTENSIONS = YES;
				CLANG_ANALYZER_NONNULL = YES;
				CLANG_ANALYZER_NUMBER_OBJECT_CONVERSION = YES_AGGRESSIVE;
				CLANG_CXX_LANGUAGE_STANDARD = "gnu++20";
				CLANG_ENABLE_MODULES = YES;
				CLANG_ENABLE_OBJC_ARC = YES;
				CLANG_ENABLE_OBJC_WEAK = YES;
				CLANG_WARN_BLOCK_CAPTURE_AUTORELEASING = YES;
				CLANG_WARN_BOOL_CONVERSION = YES;
				CLANG_WARN_COMMA = YES;
				CLANG_WARN_CONSTANT_CONVERSION = YES;
				CLANG_WARN_DEPRECATED_OBJC_IMPLEMENTATIONS = YES;
				CLANG_WARN_DIRECT_OBJC_ISA_USAGE = YES_ERROR;
				CLANG_WARN_DOCUMENTATION_COMMENTS = YES;
				CLANG_WARN_EMPTY_BODY = YES;
				CLANG_WARN_ENUM_CONVERSION = YES;
				CLANG_WARN_INFINITE_RECURSION = YES;
				CLANG_WARN_INT_CONVERSION = YES;
				CLANG_WARN_NON_LITERAL_NULL_CONVERSION = YES;
				CLANG_WARN_OBJC_IMPLICIT_RETAIN_SELF = YES;
				CLANG_WARN_OBJC_LITERAL_CONVERSION = YES;
				CLANG_WARN_OBJC_ROOT_CLASS = YES_ERROR;
				CLANG_WARN_QUOTED_INCLUDE_IN_FRAMEWORK_HEADER = YES;
				CLANG_WARN_RANGE_LOOP_ANALYSIS = YES;
				CLANG_WARN_STRICT_PROTOTYPES = YES;
				CLANG_WARN_SUSPICIOUS_MOVE = YES;
				CLANG_WARN_UNGUARDED_AVAILABILITY = YES_AGGRESSIVE;
				CLANG_WARN_UNREACHABLE_CODE = YES;
				CLANG_WARN__DUPLICATE_METHOD_MATCH = YES;
				COPY_PHASE_STRIP = NO;
				DEBUG_INFORMATION_FORMAT = "dwarf-with-dsym";
				ENABLE_NS_ASSERTIONS = NO;
				ENABLE_STRICT_OBJC_MSGSEND = YES;
				ENABLE_USER_SCRIPT_SANDBOXING = YES;
				GCC_C_LANGUAGE_STANDARD = gnu17;
				GCC_NO_COMMON_BLOCKS = YES;
				GCC_WARN_64_TO_32_BIT_CONVERSION = YES;
				GCC_WARN_ABOUT_RETURN_TYPE = YES_ERROR;
				GCC_WARN_UNDECLARED_SELECTOR = YES;
				GCC_WARN_UNINITIALIZED_AUTOS = YES_AGGRESSIVE;
				GCC_WARN_UNUSED_FUNCTION = YES;
				GCC_WARN_UNUSED_VARIABLE = YES;
				IPHONEOS_DEPLOYMENT_TARGET = 17.2;
				LOCALIZATION_PREFERS_STRING_CATALOGS = YES;
				MTL_ENABLE_DEBUG_INFO = NO;
				MTL_FAST_MATH = YES;
				SDKROOT = iphoneos;
				SWIFT_COMPILATION_MODE = wholemodule;
				VALIDATE_PRODUCT = YES;
			};
			name = Release;
		};
		F35C13922BF259EF006E3F89 /* Debug */ = {
			isa = XCBuildConfiguration;
			buildSettings = {
				ASSETCATALOG_COMPILER_APPICON_NAME = AppIcon;
				ASSETCATALOG_COMPILER_GLOBAL_ACCENT_COLOR_NAME = AccentColor;
				CODE_SIGN_IDENTITY = "Apple Development";
				CODE_SIGN_STYLE = Automatic;
				CURRENT_PROJECT_VERSION = 1;
				DEVELOPMENT_ASSET_PATHS = "\"TestDownloaderApp/Preview Content\"";
				DEVELOPMENT_TEAM = CPF5464MWY;
				ENABLE_PREVIEWS = YES;
				GENERATE_INFOPLIST_FILE = YES;
				INFOPLIST_FILE = TestDownloaderApp/Info.plist;
				INFOPLIST_KEY_LSSupportsOpeningDocumentsInPlace = YES;
				INFOPLIST_KEY_UIApplicationSceneManifest_Generation = YES;
				INFOPLIST_KEY_UIApplicationSupportsIndirectInputEvents = YES;
				INFOPLIST_KEY_UILaunchScreen_Generation = YES;
				INFOPLIST_KEY_UISupportedInterfaceOrientations_iPad = "UIInterfaceOrientationPortrait UIInterfaceOrientationPortraitUpsideDown UIInterfaceOrientationLandscapeLeft UIInterfaceOrientationLandscapeRight";
				INFOPLIST_KEY_UISupportedInterfaceOrientations_iPhone = "UIInterfaceOrientationPortrait UIInterfaceOrientationLandscapeLeft UIInterfaceOrientationLandscapeRight";
				INFOPLIST_KEY_UISupportsDocumentBrowser = YES;
				LD_RUNPATH_SEARCH_PATHS = (
					"$(inherited)",
					"@executable_path/Frameworks",
				);
				MARKETING_VERSION = 1.0;
				PRODUCT_BUNDLE_IDENTIFIER = async.await.downloader;
				PRODUCT_NAME = "$(TARGET_NAME)";
				PROVISIONING_PROFILE_SPECIFIER = "";
				SWIFT_EMIT_LOC_STRINGS = YES;
				SWIFT_VERSION = 5.0;
				TARGETED_DEVICE_FAMILY = "1,2";
			};
			name = Debug;
		};
		F35C13932BF259EF006E3F89 /* Release */ = {
			isa = XCBuildConfiguration;
			buildSettings = {
				ASSETCATALOG_COMPILER_APPICON_NAME = AppIcon;
				ASSETCATALOG_COMPILER_GLOBAL_ACCENT_COLOR_NAME = AccentColor;
				CODE_SIGN_IDENTITY = "Apple Development";
				CODE_SIGN_STYLE = Automatic;
				CURRENT_PROJECT_VERSION = 1;
				DEVELOPMENT_ASSET_PATHS = "\"TestDownloaderApp/Preview Content\"";
				DEVELOPMENT_TEAM = CPF5464MWY;
				ENABLE_PREVIEWS = YES;
				GENERATE_INFOPLIST_FILE = YES;
				INFOPLIST_FILE = TestDownloaderApp/Info.plist;
				INFOPLIST_KEY_LSSupportsOpeningDocumentsInPlace = YES;
				INFOPLIST_KEY_UIApplicationSceneManifest_Generation = YES;
				INFOPLIST_KEY_UIApplicationSupportsIndirectInputEvents = YES;
				INFOPLIST_KEY_UILaunchScreen_Generation = YES;
				INFOPLIST_KEY_UISupportedInterfaceOrientations_iPad = "UIInterfaceOrientationPortrait UIInterfaceOrientationPortraitUpsideDown UIInterfaceOrientationLandscapeLeft UIInterfaceOrientationLandscapeRight";
				INFOPLIST_KEY_UISupportedInterfaceOrientations_iPhone = "UIInterfaceOrientationPortrait UIInterfaceOrientationLandscapeLeft UIInterfaceOrientationLandscapeRight";
				INFOPLIST_KEY_UISupportsDocumentBrowser = YES;
				LD_RUNPATH_SEARCH_PATHS = (
					"$(inherited)",
					"@executable_path/Frameworks",
				);
				MARKETING_VERSION = 1.0;
				PRODUCT_BUNDLE_IDENTIFIER = async.await.downloader;
				PRODUCT_NAME = "$(TARGET_NAME)";
				PROVISIONING_PROFILE_SPECIFIER = "";
				SWIFT_EMIT_LOC_STRINGS = YES;
				SWIFT_VERSION = 5.0;
				TARGETED_DEVICE_FAMILY = "1,2";
			};
			name = Release;
		};
/* End XCBuildConfiguration section */

/* Begin XCConfigurationList section */
		F35C137E2BF259ED006E3F89 /* Build configuration list for PBXProject "TestDownloaderApp" */ = {
			isa = XCConfigurationList;
			buildConfigurations = (
				F35C138F2BF259EF006E3F89 /* Debug */,
				F35C13902BF259EF006E3F89 /* Release */,
			);
			defaultConfigurationIsVisible = 0;
			defaultConfigurationName = Release;
		};
		F35C13912BF259EF006E3F89 /* Build configuration list for PBXNativeTarget "TestDownloaderApp" */ = {
			isa = XCConfigurationList;
			buildConfigurations = (
				F35C13922BF259EF006E3F89 /* Debug */,
				F35C13932BF259EF006E3F89 /* Release */,
			);
			defaultConfigurationIsVisible = 0;
			defaultConfigurationName = Release;
		};
/* End XCConfigurationList section */

/* Begin XCVersionGroup section */
		F37A23292C09A2A8002FB475 /* DownloadHistory.xcdatamodeld */ = {
			isa = XCVersionGroup;
			children = (
				F37A232A2C09A2A8002FB475 /* DownloadHistory.xcdatamodel */,
			);
			currentVersion = F37A232A2C09A2A8002FB475 /* DownloadHistory.xcdatamodel */;
			path = DownloadHistory.xcdatamodeld;
			sourceTree = "<group>";
			versionGroupType = wrapper.xcdatamodel;
		};
/* End XCVersionGroup section */
	};
	rootObject = F35C137B2BF259ED006E3F89 /* Project object */;
}
